<?xml version="1.0" encoding="utf-8"?>
<Project ToolsVersion="4.0" xmlns="http://schemas.microsoft.com/developer/msbuild/2003">
  <ItemGroup>
    <Filter Include="Game">
      <UniqueIdentifier>{f36aec4f-fb6d-4c5e-ad63-b4ec29307422}</UniqueIdentifier>
    </Filter>
    <Filter Include="Game\Scene">
      <UniqueIdentifier>{b67a4415-e46c-4b4f-b973-4c7452dab3c3}</UniqueIdentifier>
    </Filter>
    <Filter Include="Game\Object">
      <UniqueIdentifier>{290ad31e-91cf-4cd6-b3fe-027fa36fb487}</UniqueIdentifier>
    </Filter>
    <Filter Include="Game\Object\Editor">
      <UniqueIdentifier>{1605b2b3-c5d3-48ac-aaa7-8c2590220f27}</UniqueIdentifier>
    </Filter>
    <Filter Include="Game\Object\Editor\BlockEditor">
      <UniqueIdentifier>{beb05186-f4e8-4956-9bc8-134a05bf5285}</UniqueIdentifier>
    </Filter>
    <Filter Include="Game\Object\Player">
      <UniqueIdentifier>{f03d5d79-aa5a-40aa-9589-c48027cc917a}</UniqueIdentifier>
    </Filter>
    <Filter Include="Game\Object\Player\PlayerModel">
      <UniqueIdentifier>{62f553df-74a3-4bbf-97f2-1b55decca304}</UniqueIdentifier>
    </Filter>
    <Filter Include="Game\Object\Boss">
      <UniqueIdentifier>{3cd0faa8-3e04-4ea3-9dee-e9a59e9ca4e3}</UniqueIdentifier>
    </Filter>
    <Filter Include="Game\Object\Player\PlayerUI">
      <UniqueIdentifier>{ec518bbb-7737-4640-bac2-3885872f21cd}</UniqueIdentifier>
    </Filter>
    <Filter Include="Game\Object\Player\PlayerHP">
      <UniqueIdentifier>{293e9174-49b2-4fc9-8a9e-66ebe6b1433d}</UniqueIdentifier>
    </Filter>
    <Filter Include="Game\Object\Player\PlayerRevengeGage">
      <UniqueIdentifier>{b9dcf59a-bee9-4604-a4b2-f93a2e86b1fe}</UniqueIdentifier>
    </Filter>
    <Filter Include="Game\Object\Player\PlayerBullet">
      <UniqueIdentifier>{804e4e22-784b-416a-9de7-a117f882ee41}</UniqueIdentifier>
    </Filter>
    <Filter Include="Game\Object\StageGimmick">
      <UniqueIdentifier>{8b80384c-7cd9-440c-aeab-c02acaa6182a}</UniqueIdentifier>
    </Filter>
    <Filter Include="Game\Object\StageGimmick\Block">
      <UniqueIdentifier>{b39fa96b-60df-4cf6-a76c-abc114ce1cb8}</UniqueIdentifier>
    </Filter>
    <Filter Include="Game\Object\StageGimmick\FireBar">
      <UniqueIdentifier>{44f80ed9-7e3e-49ce-9adf-6b2f2f8822ed}</UniqueIdentifier>
    </Filter>
    <Filter Include="Game\Object\Editor\FireBarEditor">
      <UniqueIdentifier>{7988a3ee-460a-4653-a194-59ba892bcee0}</UniqueIdentifier>
    </Filter>
    <Filter Include="Game\Object\StageGimmick\Floor">
      <UniqueIdentifier>{d477cf61-46fd-4fd1-a47a-f3fe8eac677e}</UniqueIdentifier>
    </Filter>
    <Filter Include="Game\Object\Editor\FloorEditor">
      <UniqueIdentifier>{2084eb1d-bd26-4274-a345-2e708c0ee742}</UniqueIdentifier>
    </Filter>
    <Filter Include="Game\Object\StageGimmick\Pendulum">
      <UniqueIdentifier>{708e7718-a69b-4711-9dc1-524c4c6079af}</UniqueIdentifier>
    </Filter>
    <Filter Include="Game\Object\Editor\PendulumEditor">
      <UniqueIdentifier>{0735628f-bf6d-4f1f-9b0a-9f3cb8b2adb1}</UniqueIdentifier>
    </Filter>
    <Filter Include="Game\Object\Skydome">
      <UniqueIdentifier>{c65d2f12-a84e-4867-b73b-d36608a5f8d3}</UniqueIdentifier>
    </Filter>
    <Filter Include="Game\Object\Boss\BossModelManager">
      <UniqueIdentifier>{35e4222a-50d9-4e05-b79c-598ae3ecdb9c}</UniqueIdentifier>
    </Filter>
    <Filter Include="Game\Object\Boss\BossStateManager">
      <UniqueIdentifier>{b8406276-c75d-4c3d-9952-f9470efcc620}</UniqueIdentifier>
    </Filter>
    <Filter Include="Game\Object\StageBlock">
      <UniqueIdentifier>{80dcf1f5-0d17-4c3a-8b94-e8c8d6557534}</UniqueIdentifier>
    </Filter>
    <Filter Include="Game\Object\Boss\BossAttackTriggerManager">
      <UniqueIdentifier>{cd5d9808-5672-4165-a254-8da543bd62f1}</UniqueIdentifier>
    </Filter>
    <Filter Include="Game\Object\StageGimmick\StageObject">
      <UniqueIdentifier>{f89ba708-1b5b-43b6-9d19-4cded027730c}</UniqueIdentifier>
    </Filter>
    <Filter Include="Game\Object\SkyBlock">
      <UniqueIdentifier>{144f9b85-2cef-4e65-a723-91cd7de5a0e1}</UniqueIdentifier>
    </Filter>
    <Filter Include="Game\Object\Player\PlayerParticle">
      <UniqueIdentifier>{c1ac3b80-f5ed-47b8-a98b-8338d0fdeb32}</UniqueIdentifier>
    </Filter>
    <Filter Include="Game\Object\Player\PlayerAttack">
      <UniqueIdentifier>{fa2b26b5-f188-4b3a-b166-882677f4d42f}</UniqueIdentifier>
    </Filter>
    <Filter Include="Game\Object\UI">
      <UniqueIdentifier>{5d31f539-6152-44b5-95f3-8103e66433d5}</UniqueIdentifier>
    </Filter>
    <Filter Include="Game\Object\StageGimmick\RevengeCoin">
      <UniqueIdentifier>{50ec14d7-1cb3-4065-9e46-c0b27f44618c}</UniqueIdentifier>
    </Filter>
    <Filter Include="Game\Object\Trap">
      <UniqueIdentifier>{2e91e277-6773-4ec8-8d97-d50d5aa552fc}</UniqueIdentifier>
    </Filter>
    <Filter Include="Game\Object\StageLoop">
      <UniqueIdentifier>{f77410a2-5a5b-4738-819d-d7de9a30040f}</UniqueIdentifier>
    </Filter>
    <Filter Include="Game\Object\Boss\BossParticle">
      <UniqueIdentifier>{53416b31-346c-460f-b5bc-40bfb804f958}</UniqueIdentifier>
    </Filter>
    <Filter Include="Game\Pause">
      <UniqueIdentifier>{cfd8aaea-fe61-4273-af0f-402791540063}</UniqueIdentifier>
    </Filter>
    <Filter Include="Game\Object\Boss\BossHP">
      <UniqueIdentifier>{affbde12-fc35-42af-8800-dde8adb56638}</UniqueIdentifier>
    </Filter>
    <Filter Include="Game\Object\Boss\BossAttackTrigger">
      <UniqueIdentifier>{376e4724-e1d7-4558-8e5e-4b348e17e866}</UniqueIdentifier>
    </Filter>
    <Filter Include="Game\Object\CameraManager">
      <UniqueIdentifier>{e14079df-c1e0-4adb-81b9-9a1e0c9058d6}</UniqueIdentifier>
    </Filter>
    <Filter Include="Game\Object\CameraManager\StageCamera">
      <UniqueIdentifier>{e5e30ff8-b753-4e62-a53a-021b63432290}</UniqueIdentifier>
    </Filter>
    <Filter Include="Game\Object\CameraManager\DebugCamera">
      <UniqueIdentifier>{3116c5f7-bbb1-446a-8719-4ac4bd66a1f8}</UniqueIdentifier>
    </Filter>
    <Filter Include="Game\Object\CameraManager\FollowCamera">
      <UniqueIdentifier>{2338eee5-95c1-4265-bf5c-f4bec2ab492f}</UniqueIdentifier>
    </Filter>
    <Filter Include="Game\Object\Boss\BossUI">
      <UniqueIdentifier>{cddf67de-27b2-42bf-9bd3-ca49515bb4c3}</UniqueIdentifier>
    </Filter>
    <Filter Include="Game\Object\StageGimmick\BeltConveyor">
      <UniqueIdentifier>{5ab3394d-0d44-4af4-b66a-eab3133cb16d}</UniqueIdentifier>
    </Filter>
    <Filter Include="Game\Object\StageGimmick\Dopper">
      <UniqueIdentifier>{2506031b-619e-4b68-a102-d50669a840be}</UniqueIdentifier>
    </Filter>
    <Filter Include="Game\Object\Movie">
      <UniqueIdentifier>{1c94bd19-6744-4ebd-82d4-96c74029944f}</UniqueIdentifier>
    </Filter>
    <Filter Include="Game\Object\Player\PlayerHanmmer">
      <UniqueIdentifier>{69463146-7738-48ad-8c63-4a626f132b4b}</UniqueIdentifier>
    </Filter>
  </ItemGroup>
  <ItemGroup>
    <ClCompile Include="main.cpp" />
    <ClCompile Include="Test.cpp">
      <Filter>Game</Filter>
    </ClCompile>
    <ClCompile Include="GameScene.cpp">
      <Filter>Game\Scene</Filter>
    </ClCompile>
    <ClCompile Include="Ground.cpp">
      <Filter>Game\Object</Filter>
    </ClCompile>
    <ClCompile Include="Editor\BlockEditor\BlockEditor.cpp">
      <Filter>Game\Object\Editor\BlockEditor</Filter>
    </ClCompile>
    <ClCompile Include="Editor\EditorManager.cpp">
      <Filter>Game\Object\Editor</Filter>
    </ClCompile>
    <ClCompile Include="Player\Player.cpp">
      <Filter>Game\Object\Player</Filter>
    </ClCompile>
    <ClCompile Include="DebugCamera.cpp">
      <Filter>Game\Object\CameraManager\DebugCamera</Filter>
    </ClCompile>
    <ClCompile Include="FollowCamera.cpp">
      <Filter>Game\Object\CameraManager\FollowCamera</Filter>
    </ClCompile>
    <ClCompile Include="CameraManager\StageCamera\StageCamera.cpp">
      <Filter>Game\Object\CameraManager\StageCamera</Filter>
    </ClCompile>
    <ClCompile Include="CameraManager\CameraManager.cpp">
      <Filter>Game\Object\CameraManager</Filter>
    </ClCompile>
    <ClCompile Include="Player\PlayerUI\PlayerUI.cpp">
      <Filter>Game\Object\Player\PlayerUI</Filter>
    </ClCompile>
    <ClCompile Include="Player\PlayerRevengGage\PlayerRevengeGage.cpp">
      <Filter>Game\Object\Player\PlayerRevengeGage</Filter>
    </ClCompile>
    <ClCompile Include="Player\PlayerBullet\BulletManager.cpp">
      <Filter>Game\Object\Player\PlayerBullet</Filter>
    </ClCompile>
    <ClCompile Include="Player\PlayerBullet\PlayerBullet.cpp">
      <Filter>Game\Object\Player\PlayerBullet</Filter>
    </ClCompile>
    <ClCompile Include="Player\PlayerHP\PlayerHP.cpp">
      <Filter>Game\Object\Player\PlayerHP</Filter>
    </ClCompile>
    <ClCompile Include="CharacterState.cpp">
      <Filter>Game\Object</Filter>
    </ClCompile>
    <ClCompile Include="StageGimmick\Block\Block.cpp">
      <Filter>Game\Object\StageGimmick\Block</Filter>
    </ClCompile>
    <ClCompile Include="StageGimmick\Block\BlockManager.cpp">
      <Filter>Game\Object\StageGimmick\Block</Filter>
    </ClCompile>
    <ClCompile Include="StageGimmick\FireBar\FireBarManager.cpp">
      <Filter>Game\Object\StageGimmick\FireBar</Filter>
    </ClCompile>
    <ClCompile Include="StageGimmick\FireBar\FireBar.cpp">
      <Filter>Game\Object\StageGimmick\FireBar</Filter>
    </ClCompile>
    <ClCompile Include="StageGimmick\Floor\Floor.cpp">
      <Filter>Game\Object\StageGimmick\Floor</Filter>
    </ClCompile>
    <ClCompile Include="Editor\FireBarEditor\FireBarEditor.cpp">
      <Filter>Game\Object\Editor\FireBarEditor</Filter>
    </ClCompile>
    <ClCompile Include="StageGimmick\Floor\FloorManager.cpp">
      <Filter>Game\Object\StageGimmick\Floor</Filter>
    </ClCompile>
    <ClCompile Include="Editor\FloorEditor\FloorEditor.cpp">
      <Filter>Game\Object\Editor\FloorEditor</Filter>
    </ClCompile>
    <ClCompile Include="StageGimmick\Pendulum\Pendulum.cpp">
      <Filter>Game\Object\StageGimmick\Pendulum</Filter>
    </ClCompile>
    <ClCompile Include="StageGimmick\Pendulum\PendulumManager.cpp">
      <Filter>Game\Object\StageGimmick\Pendulum</Filter>
    </ClCompile>
    <ClCompile Include="Editor\PendulumEditor\PendulumEditor.cpp">
      <Filter>Game\Object\Editor\PendulumEditor</Filter>
    </ClCompile>
    <ClCompile Include="DecorationModel.cpp">
      <Filter>Game\Object</Filter>
    </ClCompile>
    <ClCompile Include="StageLineLight.cpp">
      <Filter>Game\Object</Filter>
    </ClCompile>
    <ClCompile Include="StageBlock.cpp">
      <Filter>Game\Object\StageBlock</Filter>
    </ClCompile>
    <ClCompile Include="StageBlockManager.cpp">
      <Filter>Game\Object\StageBlock</Filter>
    </ClCompile>
    <ClCompile Include="Boss\BossModelManager\BossModelManager.cpp">
      <Filter>Game\Object\Boss\BossModelManager</Filter>
    </ClCompile>
    <ClCompile Include="Boss\BossStateManager\BossStateManager.cpp">
      <Filter>Game\Object\Boss\BossStateManager</Filter>
    </ClCompile>
    <ClCompile Include="Boss\BossAttackTriggerManager\BossAttackTrigger.cpp">
      <Filter>Game\Object\Boss\BossAttackTriggerManager</Filter>
    </ClCompile>
    <ClCompile Include="Editor\BossAttackTriggerEditor\BossAttackTriggerEditor.cpp">
      <Filter>Game\Object\Boss\BossAttackTrigger</Filter>
    </ClCompile>
    <ClCompile Include="Boss\BossAttackTriggerManager\BossAttackTriggerManager.cpp">
      <Filter>Game\Object\Boss\BossAttackTriggerManager</Filter>
    </ClCompile>
    <ClCompile Include="StageGimmick\StageGimmick.cpp">
      <Filter>Game\Object\StageGimmick</Filter>
    </ClCompile>
    <ClCompile Include="StageGimmick\StageObject\StageObject.cpp">
      <Filter>Game\Object\StageGimmick\StageObject</Filter>
    </ClCompile>
    <ClCompile Include="StageGimmick\StageObject\StageObjectManager.cpp">
      <Filter>Game\Object\StageGimmick\StageObject</Filter>
    </ClCompile>
    <ClCompile Include="Skydome.cpp">
      <Filter>Game\Object\Skydome</Filter>
    </ClCompile>
    <ClCompile Include="SkyBlock.cpp">
      <Filter>Game\Object\SkyBlock</Filter>
    </ClCompile>
    <ClCompile Include="SkyBlockManager.cpp">
      <Filter>Game\Object\SkyBlock</Filter>
    </ClCompile>
    <ClCompile Include="Player\PlayerParticle\PlayerDustParticle.cpp">
      <Filter>Game\Object\Player\PlayerParticle</Filter>
    </ClCompile>
    <ClCompile Include="TitleScene.cpp">
      <Filter>Game\Scene</Filter>
    </ClCompile>
    <ClCompile Include="GameClearScene.cpp">
      <Filter>Game\Scene</Filter>
    </ClCompile>
    <ClCompile Include="GameOverScene.cpp">
      <Filter>Game\Scene</Filter>
    </ClCompile>
    <ClCompile Include="UI.cpp">
      <Filter>Game\Object\UI</Filter>
    </ClCompile>
    <ClCompile Include="CutIn.cpp">
      <Filter>Game\Object\UI</Filter>
    </ClCompile>
    <ClCompile Include="StageGimmick\RevengeCoin\RevengeCoin.cpp">
      <Filter>Game\Object\StageGimmick\RevengeCoin</Filter>
    </ClCompile>
    <ClCompile Include="StageGimmick\RevengeCoin\RevengeCoinManager.cpp">
      <Filter>Game\Object\StageGimmick\RevengeCoin</Filter>
    </ClCompile>
    <ClCompile Include="Trap\Trap.cpp">
      <Filter>Game\Object\Trap</Filter>
    </ClCompile>
    <ClCompile Include="Trap\TrapManager.cpp">
      <Filter>Game\Object\Trap</Filter>
    </ClCompile>
    <ClCompile Include="Player\PlayerAttack\PlayerAttackManager.cpp">
      <Filter>Game\Object\Player\PlayerAttack</Filter>
    </ClCompile>
    <ClCompile Include="GameSpeed.cpp">
      <Filter>Game\Object</Filter>
    </ClCompile>
    <ClCompile Include="Culling.cpp">
      <Filter>Game\Object</Filter>
    </ClCompile>
    <ClCompile Include="StageLoop\StageLoop.cpp">
      <Filter>Game\Object\StageLoop</Filter>
    </ClCompile>
    <ClCompile Include="Boss\BossParticle\BossDustParticle.cpp">
      <Filter>Game\Object\Boss\BossParticle</Filter>
    </ClCompile>
    <ClCompile Include="TitleUI.cpp">
      <Filter>Game\Object\UI</Filter>
    </ClCompile>
    <ClCompile Include="Pause.cpp">
      <Filter>Game\Pause</Filter>
    </ClCompile>
    <ClCompile Include="Boss\Boss.cpp">
      <Filter>Game\Object\Boss</Filter>
    </ClCompile>
    <ClCompile Include="Boss\BossHP\BossHP.cpp">
      <Filter>Game\Object\Boss\BossHP</Filter>
    </ClCompile>
    <ClCompile Include="StageGimmick\BeltConveyor\BeltConveyor.cpp">
      <Filter>Game\Object\StageGimmick\BeltConveyor</Filter>
    </ClCompile>
    <ClCompile Include="StageGimmick\Dropper\DropGimmick.cpp">
      <Filter>Game\Object\StageGimmick\Dopper</Filter>
    </ClCompile>
    <ClCompile Include="StageGimmick\BeltConveyor\BeltConveyorManager.cpp" />
    <ClCompile Include="Movie.cpp">
      <Filter>Game\Object\Movie</Filter>
    </ClCompile>
    <ClCompile Include="StartMovie.cpp">
      <Filter>Game\Object\Movie</Filter>
    </ClCompile>
    <ClCompile Include="GameClearMovie.cpp">
      <Filter>Game\Object\Movie</Filter>
    </ClCompile>
    <ClCompile Include="GameOverMovie.cpp">
      <Filter>Game\Object\Movie</Filter>
    </ClCompile>
    <ClCompile Include="StageGimmick\Dropper\DropGimmickManager.cpp">
      <Filter>Game\Object\StageGimmick\Dopper</Filter>
    </ClCompile>
    <ClCompile Include="StageGimmick\BeltConveyor\BeltConveyorManager.cpp">
      <Filter>Game\Object\StageGimmick\BeltConveyor</Filter>
    </ClCompile>
    <ClCompile Include="Boss\BossUI\BossUI.cpp">
      <Filter>Game\Object\Boss\BossUI</Filter>
    </ClCompile>
    <ClCompile Include="GameStartMovie.cpp">
      <Filter>Game\Object\Movie</Filter>
    </ClCompile>
    <ClCompile Include="Player\PlayerHanmmer\PlayerHammer.cpp">
      <Filter>Game\Object\Player\PlayerHanmmer</Filter>
    </ClCompile>
    <ClCompile Include="Player\PlayerHanmmer\PlayerHammerParticle.cpp">
      <Filter>Game\Object\Player\PlayerHanmmer</Filter>
    </ClCompile>
    <ClCompile Include="HammerMovie.cpp">
      <Filter>Game\Object\Movie</Filter>
    </ClCompile>
    <ClCompile Include="Boss\BossParticle\BossLineParticle.cpp">
      <Filter>Game\Object\Boss\BossParticle</Filter>
    </ClCompile>
  </ItemGroup>
  <ItemGroup>
    <ClInclude Include="Test.h">
      <Filter>Game</Filter>
    </ClInclude>
    <ClInclude Include="GameScene.h">
      <Filter>Game\Scene</Filter>
    </ClInclude>
    <ClInclude Include="Ground.h">
      <Filter>Game\Object</Filter>
    </ClInclude>
    <ClInclude Include="Editor\BlockEditor\BlockEditor.h">
      <Filter>Game\Object\Editor\BlockEditor</Filter>
    </ClInclude>
    <ClInclude Include="Editor\EditorManager.h">
      <Filter>Game\Object\Editor</Filter>
    </ClInclude>
    <ClInclude Include="Player\Player.h">
      <Filter>Game\Object\Player</Filter>
    </ClInclude>
    <ClInclude Include="FollowCamera.h">
      <Filter>Game\Object\CameraManager\FollowCamera</Filter>
    </ClInclude>
    <ClInclude Include="CameraManager\StageCamera\StageCamera.h">
      <Filter>Game\Object\CameraManager\StageCamera</Filter>
    </ClInclude>
    <ClInclude Include="CameraManager\CameraManager.h">
      <Filter>Game\Object\CameraManager</Filter>
    </ClInclude>
    <ClInclude Include="CollisionAttribute.h">
      <Filter>Game\Object</Filter>
    </ClInclude>
    <ClInclude Include="Boss\Boss.h">
      <Filter>Game\Object\Boss</Filter>
    </ClInclude>
    <ClInclude Include="Player\PlayerUI\PlayerUI.h">
      <Filter>Game\Object\Player\PlayerUI</Filter>
    </ClInclude>
    <ClInclude Include="Player\PlayerHP\PlayerHP.h">
      <Filter>Game\Object\Player\PlayerHP</Filter>
    </ClInclude>
    <ClInclude Include="Player\PlayerRevengGage\PlayerRevengeGage.h">
      <Filter>Game\Object\Player\PlayerRevengeGage</Filter>
    </ClInclude>
    <ClInclude Include="CharacterState.h">
      <Filter>Game\Object</Filter>
    </ClInclude>
    <ClInclude Include="Player\PlayerBullet\PlayerBullet.h">
      <Filter>Game\Object\Player\PlayerBullet</Filter>
    </ClInclude>
    <ClInclude Include="Player\PlayerBullet\BulletManager.h">
      <Filter>Game\Object\Player\PlayerBullet</Filter>
    </ClInclude>
    <ClInclude Include="StageGimmick\Block\Block.h">
      <Filter>Game\Object\StageGimmick\Block</Filter>
    </ClInclude>
    <ClInclude Include="StageGimmick\Block\BlockManager.h">
      <Filter>Game\Object\StageGimmick\Block</Filter>
    </ClInclude>
    <ClInclude Include="StageGimmick\FireBar\FireBar.h">
      <Filter>Game\Object\StageGimmick\FireBar</Filter>
    </ClInclude>
    <ClInclude Include="StageGimmick\FireBar\FireBarManager.h">
      <Filter>Game\Object\StageGimmick\FireBar</Filter>
    </ClInclude>
    <ClInclude Include="Editor\FireBarEditor\FireBarEditor.h">
      <Filter>Game\Object\Editor\FireBarEditor</Filter>
    </ClInclude>
    <ClInclude Include="StageGimmick\Floor\Floor.h">
      <Filter>Game\Object\StageGimmick\Floor</Filter>
    </ClInclude>
    <ClInclude Include="StageGimmick\Floor\FloorManager.h">
      <Filter>Game\Object\StageGimmick\Floor</Filter>
    </ClInclude>
    <ClInclude Include="Editor\FloorEditor\FloorEditor.h">
      <Filter>Game\Object\Editor\FloorEditor</Filter>
    </ClInclude>
    <ClInclude Include="StageGimmick\Pendulum\Pendulum.h">
      <Filter>Game\Object\StageGimmick\Pendulum</Filter>
    </ClInclude>
    <ClInclude Include="StageGimmick\Pendulum\PendulumManager.h">
      <Filter>Game\Object\StageGimmick\Pendulum</Filter>
    </ClInclude>
    <ClInclude Include="Editor\PendulumEditor\PendulumEditor.h">
      <Filter>Game\Object\Editor\PendulumEditor</Filter>
    </ClInclude>
    <ClInclude Include="Boss\BossModelManager\BossModelManager.h">
      <Filter>Game\Object\Boss\BossModelManager</Filter>
    </ClInclude>
    <ClInclude Include="Boss\BossStateManager\BossStateManager.h">
      <Filter>Game\Object\Boss\BossStateManager</Filter>
    </ClInclude>
    <ClInclude Include="Skydome.h" />
    <ClInclude Include="DecorationModel.h">
      <Filter>Game\Object</Filter>
    </ClInclude>
    <ClInclude Include="StageLineLight.h">
      <Filter>Game\Object</Filter>
    </ClInclude>
    <ClInclude Include="StageBlockManager.h">
      <Filter>Game\Object\StageBlock</Filter>
    </ClInclude>
    <ClInclude Include="StageBlock.h">
      <Filter>Game\Object\StageBlock</Filter>
    </ClInclude>
    <ClInclude Include="Boss\BossAttackTriggerManager\BossAttackTriggerManager.h">
      <Filter>Game\Object\Boss\BossAttackTriggerManager</Filter>
    </ClInclude>
    <ClInclude Include="Boss\BossAttackTriggerManager\BossAttackTrigger.h">
      <Filter>Game\Object\Boss\BossAttackTriggerManager</Filter>
    </ClInclude>
    <ClInclude Include="Editor\BossAttackTriggerEditor\BossAttackTriggerEditor.h">
      <Filter>Game\Object\Boss\BossAttackTrigger</Filter>
    </ClInclude>
    <ClInclude Include="StageGimmick\StageGimmick.h">
      <Filter>Game\Object\StageGimmick</Filter>
    </ClInclude>
    <ClInclude Include="StageGimmick\StageObject\StageObject.h">
      <Filter>Game\Object\StageGimmick\StageObject</Filter>
    </ClInclude>
    <ClInclude Include="StageGimmick\StageObject\StageObjectManager.h">
      <Filter>Game\Object\StageGimmick\StageObject</Filter>
    </ClInclude>
    <ClInclude Include="SkyBlock.h">
      <Filter>Game\Object\SkyBlock</Filter>
    </ClInclude>
    <ClInclude Include="SkyBlockManager.h">
      <Filter>Game\Object\SkyBlock</Filter>
    </ClInclude>
    <ClInclude Include="GameSpeed.h">
      <Filter>Game\Object</Filter>
    </ClInclude>
    <ClInclude Include="Player\PlayerParticle\PlayerDustParticle.h">
      <Filter>Game\Object\Player\PlayerParticle</Filter>
    </ClInclude>
    <ClInclude Include="Player\PlayerAttack\PlayerAttackManager.h">
      <Filter>Game\Object\Player\PlayerAttack</Filter>
    </ClInclude>
    <ClInclude Include="TitleScene.h">
      <Filter>Game\Scene</Filter>
    </ClInclude>
    <ClInclude Include="GameClearScene.h">
      <Filter>Game\Scene</Filter>
    </ClInclude>
    <ClInclude Include="GameOverScene.h">
      <Filter>Game\Scene</Filter>
    </ClInclude>
    <ClInclude Include="UI.h">
      <Filter>Game\Object\UI</Filter>
    </ClInclude>
    <ClInclude Include="CutIn.h">
      <Filter>Game\Object\UI</Filter>
    </ClInclude>
    <ClInclude Include="StageGimmick\RevengeCoin\RevengeCoin.h">
      <Filter>Game\Object\StageGimmick\RevengeCoin</Filter>
    </ClInclude>
    <ClInclude Include="StageGimmick\RevengeCoin\RevengeCoinManager.h">
      <Filter>Game\Object\StageGimmick\RevengeCoin</Filter>
    </ClInclude>
    <ClInclude Include="Trap\Trap.h">
      <Filter>Game\Object\Trap</Filter>
    </ClInclude>
    <ClInclude Include="Trap\TrapManager.h">
      <Filter>Game\Object\Trap</Filter>
    </ClInclude>
    <ClInclude Include="Skydome.h">
      <Filter>Game\Object\Skydome</Filter>
    </ClInclude>
    <ClInclude Include="Boss\BossParticle\BossDustParticle.h">
      <Filter>Game\Object\Boss\BossParticle</Filter>
    </ClInclude>
    <ClInclude Include="TitleUI.h">
      <Filter>Game\Object\UI</Filter>
    </ClInclude>
    <ClInclude Include="Pause.h">
      <Filter>Game\Pause</Filter>
    </ClInclude>
    <ClInclude Include="StageLoop\StageLoop.h">
      <Filter>Game\Object\StageLoop</Filter>
    </ClInclude>
    <ClInclude Include="Movie.h">
      <Filter>Game\Object\Movie</Filter>
    </ClInclude>
    <ClInclude Include="StartMovie.h">
      <Filter>Game\Object\Movie</Filter>
    </ClInclude>
    <ClInclude Include="DebugCamera.h">
      <Filter>Game\Object\CameraManager\DebugCamera</Filter>
    </ClInclude>
    <ClInclude Include="GameClearMovie.h">
      <Filter>Game\Object\Movie</Filter>
    </ClInclude>
    <ClInclude Include="GameOverMovie.h">
      <Filter>Game\Object\Movie</Filter>
    </ClInclude>
    <ClInclude Include="Boss\BossHP\BossHP.h">
      <Filter>Game\Object\Boss\BossHP</Filter>
    </ClInclude>
    <ClInclude Include="StageGimmick\BeltConveyor\BeltConveyor.h">
      <Filter>Game\Object\StageGimmick\BeltConveyor</Filter>
    </ClInclude>
    <ClInclude Include="StageGimmick\BeltConveyor\BeltConveyorManager.h">
      <Filter>Game\Object\StageGimmick\BeltConveyor</Filter>
    </ClInclude>
    <ClInclude Include="StageGimmick\Dropper\DropGimmick.h">
      <Filter>Game\Object\StageGimmick\Dopper</Filter>
    </ClInclude>
    <ClInclude Include="Culling.h">
      <Filter>Game\Object\StageGimmick\BeltConveyor</Filter>
    </ClInclude>
    <ClInclude Include="StageGimmick\Dropper\DropGimmickManager.h">
      <Filter>Game\Object\StageGimmick\Dopper</Filter>
    </ClInclude>
    <ClInclude Include="GameStartMovie.h">
      <Filter>Game\Object\Movie</Filter>
    </ClInclude>
    <ClInclude Include="Boss\BossUI\BossUI.h">
      <Filter>Game\Object\Boss\BossUI</Filter>
    </ClInclude>
    <ClInclude Include="Player\PlayerHanmmer\PlayerHammer.h">
      <Filter>Game\Object\Player\PlayerHanmmer</Filter>
    </ClInclude>
    <ClInclude Include="Player\PlayerHanmmer\PlayerHammerParticle.h">
      <Filter>Game\Object\Player\PlayerHanmmer</Filter>
    </ClInclude>
    <ClInclude Include="HammerMovie.h">
      <Filter>Game\Object\Movie</Filter>
    </ClInclude>
    <ClInclude Include="Boss\BossParticle\BossLineParticle.h">
      <Filter>Game\Object\Boss\BossParticle</Filter>
    </ClInclude>
  </ItemGroup>
</Project>