<?xml version="1.0" encoding="utf-8"?>
<Project ToolsVersion="4.0" xmlns="http://schemas.microsoft.com/developer/msbuild/2003">
  <ItemGroup>
    <Filter Include="Game">
      <UniqueIdentifier>{f36aec4f-fb6d-4c5e-ad63-b4ec29307422}</UniqueIdentifier>
    </Filter>
    <Filter Include="Game\Scene">
      <UniqueIdentifier>{b67a4415-e46c-4b4f-b973-4c7452dab3c3}</UniqueIdentifier>
    </Filter>
    <Filter Include="Game\Object">
      <UniqueIdentifier>{290ad31e-91cf-4cd6-b3fe-027fa36fb487}</UniqueIdentifier>
    </Filter>
    <Filter Include="Game\Object\Editor">
      <UniqueIdentifier>{1605b2b3-c5d3-48ac-aaa7-8c2590220f27}</UniqueIdentifier>
    </Filter>
    <Filter Include="Game\Object\Block">
      <UniqueIdentifier>{07ea8f72-0519-43b7-bf3d-7ef76acd4f53}</UniqueIdentifier>
    </Filter>
    <Filter Include="Game\Object\Editor\BlockEditor">
      <UniqueIdentifier>{beb05186-f4e8-4956-9bc8-134a05bf5285}</UniqueIdentifier>
    </Filter>
    <Filter Include="Game\Object\Player">
      <UniqueIdentifier>{f03d5d79-aa5a-40aa-9589-c48027cc917a}</UniqueIdentifier>
    </Filter>
    <Filter Include="Game\Object\Player\PlayerModel">
      <UniqueIdentifier>{62f553df-74a3-4bbf-97f2-1b55decca304}</UniqueIdentifier>
    </Filter>
    <Filter Include="Game\Object\CameraManager">
      <UniqueIdentifier>{e14079df-c1e0-4adb-81b9-9a1e0c9058d6}</UniqueIdentifier>
    </Filter>
    <Filter Include="Game\Object\CameraManager\StageCamera">
      <UniqueIdentifier>{e5e30ff8-b753-4e62-a53a-021b63432290}</UniqueIdentifier>
    </Filter>
    <Filter Include="Game\Object\CameraManager\DebugCamera">
      <UniqueIdentifier>{3116c5f7-bbb1-446a-8719-4ac4bd66a1f8}</UniqueIdentifier>
    </Filter>
    <Filter Include="Game\Object\CameraManager\FollowCamera">
      <UniqueIdentifier>{2338eee5-95c1-4265-bf5c-f4bec2ab492f}</UniqueIdentifier>
    </Filter>
    <Filter Include="Game\Object\Floor">
      <UniqueIdentifier>{652cb754-13d6-4381-bcfc-9615d23b9246}</UniqueIdentifier>
    </Filter>
    <Filter Include="Game\Object\Boss">
      <UniqueIdentifier>{3cd0faa8-3e04-4ea3-9dee-e9a59e9ca4e3}</UniqueIdentifier>
    </Filter>
    <Filter Include="Game\Object\Player\PlayerUI">
      <UniqueIdentifier>{ec518bbb-7737-4640-bac2-3885872f21cd}</UniqueIdentifier>
    </Filter>
    <Filter Include="Game\Object\Player\PlayerHP">
      <UniqueIdentifier>{293e9174-49b2-4fc9-8a9e-66ebe6b1433d}</UniqueIdentifier>
    </Filter>
  </ItemGroup>
  <ItemGroup>
    <ClCompile Include="main.cpp" />
    <ClCompile Include="Test.cpp">
      <Filter>Game</Filter>
    </ClCompile>
    <ClCompile Include="GameScene.cpp">
      <Filter>Game\Scene</Filter>
    </ClCompile>
    <ClCompile Include="Ground.cpp">
      <Filter>Game\Object</Filter>
    </ClCompile>
    <ClCompile Include="TestObject.cpp">
      <Filter>Game\Object</Filter>
    </ClCompile>
    <ClCompile Include="TitleObject.cpp">
      <Filter>Game\Object</Filter>
    </ClCompile>
    <ClCompile Include="PlayerModel.cpp">
      <Filter>Game\Object</Filter>
    </ClCompile>
    <ClCompile Include="Block\Block.cpp">
      <Filter>Game\Object\Block</Filter>
    </ClCompile>
    <ClCompile Include="Block\BlockManager.cpp">
      <Filter>Game\Object\Block</Filter>
    </ClCompile>
    <ClCompile Include="Editor\BlockEditor\BlockEditor.cpp">
      <Filter>Game\Object\Editor\BlockEditor</Filter>
    </ClCompile>
    <ClCompile Include="Editor\EditorManager.cpp">
      <Filter>Game\Object\Editor</Filter>
    </ClCompile>
    <ClCompile Include="Player\Player.cpp">
      <Filter>Game\Object\Player</Filter>
    </ClCompile>
    <ClCompile Include="DebugCamera.cpp">
      <Filter>Game\Object\CameraManager\DebugCamera</Filter>
    </ClCompile>
    <ClCompile Include="FollowCamera.cpp">
      <Filter>Game\Object\CameraManager\FollowCamera</Filter>
    </ClCompile>
    <ClCompile Include="CameraManager\StageCamera\StageCamera.cpp">
      <Filter>Game\Object\CameraManager\StageCamera</Filter>
    </ClCompile>
    <ClCompile Include="CameraManager\CameraManager.cpp">
      <Filter>Game\Object\CameraManager</Filter>
    </ClCompile>
    <ClCompile Include="Floor\floor.cpp">
      <Filter>Game\Object\Floor</Filter>
    </ClCompile>
    <ClCompile Include="Boss\Boss.cpp">
      <Filter>Game\Object\Boss</Filter>
    </ClCompile>
    <ClCompile Include="Player\PlayerUI\PlayerUI.cpp">
      <Filter>Game\Object\Player\PlayerUI</Filter>
    </ClCompile>
    <ClCompile Include="Player\PlayerHP\PlayerHP.cpp" />
  </ItemGroup>
  <ItemGroup>
    <ClInclude Include="Test.h">
      <Filter>Game</Filter>
    </ClInclude>
    <ClInclude Include="GameScene.h">
      <Filter>Game\Scene</Filter>
    </ClInclude>
    <ClInclude Include="Ground.h">
      <Filter>Game\Object</Filter>
    </ClInclude>
    <ClInclude Include="TestObject.h">
      <Filter>Game\Object</Filter>
    </ClInclude>
    <ClInclude Include="TitleObject.h">
      <Filter>Game\Object</Filter>
    </ClInclude>
    <ClInclude Include="PlayerModel.h">
      <Filter>Game\Object</Filter>
    </ClInclude>
    <ClInclude Include="Block\Block.h">
      <Filter>Game\Object\Block</Filter>
    </ClInclude>
    <ClInclude Include="Block\BlockManager.h">
      <Filter>Game\Object\Block</Filter>
    </ClInclude>
    <ClInclude Include="Editor\BlockEditor\BlockEditor.h">
      <Filter>Game\Object\Editor\BlockEditor</Filter>
    </ClInclude>
    <ClInclude Include="Editor\EditorManager.h">
      <Filter>Game\Object\Editor</Filter>
    </ClInclude>
    <ClInclude Include="Player\Player.h">
      <Filter>Game\Object\Player</Filter>
    </ClInclude>
    <ClInclude Include="DebugCamera.h">
      <Filter>Game\Object\CameraManager\DebugCamera</Filter>
    </ClInclude>
    <ClInclude Include="FollowCamera.h">
      <Filter>Game\Object\CameraManager\FollowCamera</Filter>
    </ClInclude>
    <ClInclude Include="CameraManager\StageCamera\StageCamera.h">
      <Filter>Game\Object\CameraManager\StageCamera</Filter>
    </ClInclude>
    <ClInclude Include="CameraManager\CameraManager.h">
      <Filter>Game\Object\CameraManager</Filter>
    </ClInclude>
    <ClInclude Include="Floor\floor.h">
      <Filter>Game\Object\Floor</Filter>
    </ClInclude>
    <ClInclude Include="CollisionAttribute.h">
      <Filter>Game\Object</Filter>
    </ClInclude>
    <ClInclude Include="Boss\Boss.h">
      <Filter>Game\Object\Boss</Filter>
    </ClInclude>
    <ClInclude Include="Player\PlayerUI\PlayerUI.h">
      <Filter>Game\Object\Player\PlayerUI</Filter>
    </ClInclude>
    <ClInclude Include="Player\PlayerHP\PlayerHP.h">
      <Filter>Game\Object\Player\PlayerHP</Filter>
    </ClInclude>
  </ItemGroup>
</Project>